// !$*UTF8*$!
{
	archiveVersion = 1;
	classes = {
	};
	objectVersion = 46;
	objects = {

/* Begin PBXBuildFile section */
		1309E5D018EB1ABF007952F9 /* PWCDeviceTableViewController.m in Sources */ = {isa = PBXBuildFile; fileRef = 1309E5CF18EB1ABF007952F9 /* PWCDeviceTableViewController.m */; };
		130D9FB118D4D6E7000B07A6 /* Main.storyboard in Resources */ = {isa = PBXBuildFile; fileRef = 130D9FB018D4D6E7000B07A6 /* Main.storyboard */; };
		132109CF18E490DD0041E394 /* PWCUtilities.m in Sources */ = {isa = PBXBuildFile; fileRef = 132109CE18E490DD0041E394 /* PWCUtilities.m */; };
		132CC52E18DBB0F500FFD22D /* PWCNotes.m in Sources */ = {isa = PBXBuildFile; fileRef = 132CC52D18DBB0F500FFD22D /* PWCNotes.m */; };
		132CC58118DBBD7100FFD22D /* DDData.m in Sources */ = {isa = PBXBuildFile; fileRef = 132CC53B18DBBD7000FFD22D /* DDData.m */; };
		132CC58218DBBD7100FFD22D /* DDNumber.m in Sources */ = {isa = PBXBuildFile; fileRef = 132CC53D18DBBD7000FFD22D /* DDNumber.m */; };
		132CC58318DBBD7100FFD22D /* DDRange.m in Sources */ = {isa = PBXBuildFile; fileRef = 132CC53F18DBBD7000FFD22D /* DDRange.m */; };
		132CC58418DBBD7100FFD22D /* HTTPAuthenticationRequest.m in Sources */ = {isa = PBXBuildFile; fileRef = 132CC54118DBBD7000FFD22D /* HTTPAuthenticationRequest.m */; };
		132CC58518DBBD7100FFD22D /* HTTPConnection.m in Sources */ = {isa = PBXBuildFile; fileRef = 132CC54318DBBD7000FFD22D /* HTTPConnection.m */; };
		132CC58618DBBD7100FFD22D /* HTTPMessage.m in Sources */ = {isa = PBXBuildFile; fileRef = 132CC54618DBBD7000FFD22D /* HTTPMessage.m */; };
		132CC58718DBBD7100FFD22D /* HTTPServer.m in Sources */ = {isa = PBXBuildFile; fileRef = 132CC54918DBBD7000FFD22D /* HTTPServer.m */; };
		132CC58818DBBD7100FFD22D /* MultipartFormDataParser.m in Sources */ = {isa = PBXBuildFile; fileRef = 132CC54C18DBBD7000FFD22D /* MultipartFormDataParser.m */; };
		132CC58918DBBD7100FFD22D /* MultipartMessageHeader.m in Sources */ = {isa = PBXBuildFile; fileRef = 132CC54E18DBBD7000FFD22D /* MultipartMessageHeader.m */; };
		132CC58A18DBBD7100FFD22D /* MultipartMessageHeaderField.m in Sources */ = {isa = PBXBuildFile; fileRef = 132CC55018DBBD7000FFD22D /* MultipartMessageHeaderField.m */; };
		132CC58B18DBBD7100FFD22D /* HTTPAsyncFileResponse.m in Sources */ = {isa = PBXBuildFile; fileRef = 132CC55318DBBD7000FFD22D /* HTTPAsyncFileResponse.m */; };
		132CC58C18DBBD7100FFD22D /* HTTPDataResponse.m in Sources */ = {isa = PBXBuildFile; fileRef = 132CC55518DBBD7000FFD22D /* HTTPDataResponse.m */; };
		132CC58D18DBBD7100FFD22D /* HTTPDynamicFileResponse.m in Sources */ = {isa = PBXBuildFile; fileRef = 132CC55718DBBD7000FFD22D /* HTTPDynamicFileResponse.m */; };
		132CC58E18DBBD7100FFD22D /* HTTPErrorResponse.m in Sources */ = {isa = PBXBuildFile; fileRef = 132CC55918DBBD7100FFD22D /* HTTPErrorResponse.m */; };
		132CC58F18DBBD7100FFD22D /* HTTPFileResponse.m in Sources */ = {isa = PBXBuildFile; fileRef = 132CC55B18DBBD7100FFD22D /* HTTPFileResponse.m */; };
		132CC59018DBBD7100FFD22D /* HTTPRedirectResponse.m in Sources */ = {isa = PBXBuildFile; fileRef = 132CC55D18DBBD7100FFD22D /* HTTPRedirectResponse.m */; };
		132CC59118DBBD7100FFD22D /* WebSocket.m in Sources */ = {isa = PBXBuildFile; fileRef = 132CC55F18DBBD7100FFD22D /* WebSocket.m */; };
		132CC59218DBBD7100FFD22D /* DAVConnection.m in Sources */ = {isa = PBXBuildFile; fileRef = 132CC56318DBBD7100FFD22D /* DAVConnection.m */; };
		132CC59318DBBD7100FFD22D /* DAVResponse.m in Sources */ = {isa = PBXBuildFile; fileRef = 132CC56518DBBD7100FFD22D /* DAVResponse.m */; };
		132CC59418DBBD7100FFD22D /* DELETEResponse.m in Sources */ = {isa = PBXBuildFile; fileRef = 132CC56718DBBD7100FFD22D /* DELETEResponse.m */; };
		132CC59518DBBD7100FFD22D /* PUTResponse.m in Sources */ = {isa = PBXBuildFile; fileRef = 132CC56918DBBD7100FFD22D /* PUTResponse.m */; };
		132CC59618DBBD7100FFD22D /* About.txt in Resources */ = {isa = PBXBuildFile; fileRef = 132CC56C18DBBD7100FFD22D /* About.txt */; };
		132CC59718DBBD7100FFD22D /* GCDAsyncSocket.m in Sources */ = {isa = PBXBuildFile; fileRef = 132CC56E18DBBD7100FFD22D /* GCDAsyncSocket.m */; };
		132CC59918DBBD7100FFD22D /* DDAbstractDatabaseLogger.m in Sources */ = {isa = PBXBuildFile; fileRef = 132CC57218DBBD7100FFD22D /* DDAbstractDatabaseLogger.m */; };
		132CC59A18DBBD7100FFD22D /* DDASLLogger.m in Sources */ = {isa = PBXBuildFile; fileRef = 132CC57418DBBD7100FFD22D /* DDASLLogger.m */; };
		132CC59B18DBBD7100FFD22D /* DDFileLogger.m in Sources */ = {isa = PBXBuildFile; fileRef = 132CC57618DBBD7100FFD22D /* DDFileLogger.m */; };
		132CC59C18DBBD7100FFD22D /* DDLog.m in Sources */ = {isa = PBXBuildFile; fileRef = 132CC57818DBBD7100FFD22D /* DDLog.m */; };
		132CC59D18DBBD7100FFD22D /* DDTTYLogger.m in Sources */ = {isa = PBXBuildFile; fileRef = 132CC57A18DBBD7100FFD22D /* DDTTYLogger.m */; };
		132CC59E18DBBD7100FFD22D /* ContextFilterLogFormatter.m in Sources */ = {isa = PBXBuildFile; fileRef = 132CC57D18DBBD7100FFD22D /* ContextFilterLogFormatter.m */; };
		132CC59F18DBBD7100FFD22D /* DispatchQueueLogFormatter.m in Sources */ = {isa = PBXBuildFile; fileRef = 132CC57F18DBBD7100FFD22D /* DispatchQueueLogFormatter.m */; };
		132CC5A018DBBD7100FFD22D /* README.txt in Resources */ = {isa = PBXBuildFile; fileRef = 132CC58018DBBD7100FFD22D /* README.txt */; };
		132CC5A218DBC2D800FFD22D /* libxml2.dylib in Frameworks */ = {isa = PBXBuildFile; fileRef = 132CC5A118DBC2D800FFD22D /* libxml2.dylib */; };
		1339F18318EA289700A14F1C /* PWCChromecastDeviceController.m in Sources */ = {isa = PBXBuildFile; fileRef = 1339F18218EA289700A14F1C /* PWCChromecastDeviceController.m */; };
		135CA21E18E9CFC2000ACB6B /* GoogleCast.framework in Frameworks */ = {isa = PBXBuildFile; fileRef = 135CA21D18E9CFC2000ACB6B /* GoogleCast.framework */; };
		135EFFAA18E8BA800077DDF3 /* Default-568h@2x.png in Resources */ = {isa = PBXBuildFile; fileRef = 135EFFA918E8BA800077DDF3 /* Default-568h@2x.png */; };
		135EFFB218E8E90B0077DDF3 /* cast_off.png in Resources */ = {isa = PBXBuildFile; fileRef = 135EFFAC18E8E90B0077DDF3 /* cast_off.png */; };
		135EFFB318E8E90B0077DDF3 /* cast_on.png in Resources */ = {isa = PBXBuildFile; fileRef = 135EFFAD18E8E90B0077DDF3 /* cast_on.png */; };
		135EFFB418E8E90B0077DDF3 /* cast_on0.png in Resources */ = {isa = PBXBuildFile; fileRef = 135EFFAE18E8E90B0077DDF3 /* cast_on0.png */; };
		135EFFB518E8E90B0077DDF3 /* cast_on1.png in Resources */ = {isa = PBXBuildFile; fileRef = 135EFFAF18E8E90B0077DDF3 /* cast_on1.png */; };
		135EFFB618E8E90B0077DDF3 /* cast_on2.png in Resources */ = {isa = PBXBuildFile; fileRef = 135EFFB018E8E90B0077DDF3 /* cast_on2.png */; };
		13964DD218D7EC7F00E21E15 /* CFNetwork.framework in Frameworks */ = {isa = PBXBuildFile; fileRef = 13964DD118D7EC7F00E21E15 /* CFNetwork.framework */; };
		13B713AF18D7E21F00B00D20 /* Security.framework in Frameworks */ = {isa = PBXBuildFile; fileRef = 13B713AE18D7E21F00B00D20 /* Security.framework */; };
		13D2595218D518C700E1E6EB /* PWCPreviewViewController.m in Sources */ = {isa = PBXBuildFile; fileRef = 13D2595118D518C700E1E6EB /* PWCPreviewViewController.m */; };
		13FE0A9718E39A3D000AA6E0 /* PWCFileServer.m in Sources */ = {isa = PBXBuildFile; fileRef = 13FE0A9618E39A3D000AA6E0 /* PWCFileServer.m */; };
		45024C3A1310CEC100BB3E3D /* UIKit.framework in Frameworks */ = {isa = PBXBuildFile; fileRef = 45024C391310CEC100BB3E3D /* UIKit.framework */; };
		45024C3C1310CEC100BB3E3D /* Foundation.framework in Frameworks */ = {isa = PBXBuildFile; fileRef = 45024C3B1310CEC100BB3E3D /* Foundation.framework */; };
		45024C3E1310CEC100BB3E3D /* CoreGraphics.framework in Frameworks */ = {isa = PBXBuildFile; fileRef = 45024C3D1310CEC100BB3E3D /* CoreGraphics.framework */; };
		45024C731310CF1700BB3E3D /* QuartzCore.framework in Frameworks */ = {isa = PBXBuildFile; fileRef = 45024C721310CF1700BB3E3D /* QuartzCore.framework */; };
		4527B3BC1398C5F400F3ECC8 /* MobileCoreServices.framework in Frameworks */ = {isa = PBXBuildFile; fileRef = 4527B3BB1398C5F400F3ECC8 /* MobileCoreServices.framework */; };
		453902361780A1C800C3CC47 /* CPDFObjectReference.m in Sources */ = {isa = PBXBuildFile; fileRef = 453902351780A1C800C3CC47 /* CPDFObjectReference.m */; };
		4539023B1780B39D00C3CC47 /* CPreviewCollectionViewCell.m in Sources */ = {isa = PBXBuildFile; fileRef = 4539023A1780B39D00C3CC47 /* CPreviewCollectionViewCell.m */; };
		45454DF11558429C004AC470 /* CContentScrollView.m in Sources */ = {isa = PBXBuildFile; fileRef = 45454DF01558429B004AC470 /* CContentScrollView.m */; };
		454BF5B41554B92600E7DE1D /* MediaPlayer.framework in Frameworks */ = {isa = PBXBuildFile; fileRef = 454BF5B31554B92600E7DE1D /* MediaPlayer.framework */; };
		455699B215507139009E52FE /* main.m in Sources */ = {isa = PBXBuildFile; fileRef = 4556999E15507139009E52FE /* main.m */; };
		455699B315507139009E52FE /* PWCAppDelegate.m in Sources */ = {isa = PBXBuildFile; fileRef = 455699A115507139009E52FE /* PWCAppDelegate.m */; };
		455699D415507141009E52FE /* CLibrary.m in Sources */ = {isa = PBXBuildFile; fileRef = 455699BA15507141009E52FE /* CLibrary.m */; };
		455699D515507141009E52FE /* CLibraryViewController.m in Sources */ = {isa = PBXBuildFile; fileRef = 455699BC15507141009E52FE /* CLibraryViewController.m */; };
		455699D715507141009E52FE /* CPDFDocument.m in Sources */ = {isa = PBXBuildFile; fileRef = 455699C015507141009E52FE /* CPDFDocument.m */; };
		455699D815507141009E52FE /* CPDFDocument_Private.m in Sources */ = {isa = PBXBuildFile; fileRef = 455699C215507141009E52FE /* CPDFDocument_Private.m */; };
		455699D915507141009E52FE /* CPDFPage.m in Sources */ = {isa = PBXBuildFile; fileRef = 455699C415507141009E52FE /* CPDFPage.m */; };
		455699DA15507141009E52FE /* CPDFDocumentViewController.m in Sources */ = {isa = PBXBuildFile; fileRef = 455699C715507141009E52FE /* CPDFDocumentViewController.m */; };
		455699DD15507141009E52FE /* CPDFPageView.m in Sources */ = {isa = PBXBuildFile; fileRef = 455699CC15507141009E52FE /* CPDFPageView.m */; };
		455699E515507148009E52FE /* Geometry.m in Sources */ = {isa = PBXBuildFile; fileRef = 455699E415507148009E52FE /* Geometry.m */; };
		455699F8155071A5009E52FE /* CPagingView.m in Sources */ = {isa = PBXBuildFile; fileRef = 455699EE155071A5009E52FE /* CPagingView.m */; };
		455699F9155071A5009E52FE /* CPersistentCache.m in Sources */ = {isa = PBXBuildFile; fileRef = 455699F0155071A5009E52FE /* CPersistentCache.m */; };
		455699FB155071A5009E52FE /* NSFileManager_BugFixExtensions.m in Sources */ = {isa = PBXBuildFile; fileRef = 455699F4155071A5009E52FE /* NSFileManager_BugFixExtensions.m */; };
		45C25DD6155335AC001BA233 /* CPDFStream.m in Sources */ = {isa = PBXBuildFile; fileRef = 45C25DD5155335AC001BA233 /* CPDFStream.m */; };
		45C25DD9155335BD001BA233 /* PDFUtilities.m in Sources */ = {isa = PBXBuildFile; fileRef = 45C25DD8155335BD001BA233 /* PDFUtilities.m */; };
		45D9699B1552F8F600338688 /* CPDFAnnotation.m in Sources */ = {isa = PBXBuildFile; fileRef = 45D9699A1552F8F600338688 /* CPDFAnnotation.m */; };
		45D969A01553058E00338688 /* CPDFPageViewController.m in Sources */ = {isa = PBXBuildFile; fileRef = 45D9699E1553058E00338688 /* CPDFPageViewController.m */; };
		45D969CD1553177800338688 /* CPDFAnnotationView.m in Sources */ = {isa = PBXBuildFile; fileRef = 45D969CC1553177800338688 /* CPDFAnnotationView.m */; };
		45F9FAFA1582D495004D267B /* CFadelessTiledLayer.m in Sources */ = {isa = PBXBuildFile; fileRef = 45F9FAF91582D495004D267B /* CFadelessTiledLayer.m */; };
		5F5E604018D9431C00485259 /* PWCNotesViewController.m in Sources */ = {isa = PBXBuildFile; fileRef = 5F5E603F18D9431C00485259 /* PWCNotesViewController.m */; };
/* End PBXBuildFile section */

/* Begin PBXFileReference section */
		1309E5CE18EB1ABF007952F9 /* PWCDeviceTableViewController.h */ = {isa = PBXFileReference; fileEncoding = 4; lastKnownFileType = sourcecode.c.h; path = PWCDeviceTableViewController.h; sourceTree = "<group>"; };
		1309E5CF18EB1ABF007952F9 /* PWCDeviceTableViewController.m */ = {isa = PBXFileReference; fileEncoding = 4; lastKnownFileType = sourcecode.c.objc; path = PWCDeviceTableViewController.m; sourceTree = "<group>"; };
		130D9FB018D4D6E7000B07A6 /* Main.storyboard */ = {isa = PBXFileReference; fileEncoding = 4; lastKnownFileType = file.storyboard; name = Main.storyboard; path = ../Resources/Main.storyboard; sourceTree = "<group>"; };
		132109CD18E490DD0041E394 /* PWCUtilities.h */ = {isa = PBXFileReference; fileEncoding = 4; lastKnownFileType = sourcecode.c.h; path = PWCUtilities.h; sourceTree = "<group>"; };
		132109CE18E490DD0041E394 /* PWCUtilities.m */ = {isa = PBXFileReference; fileEncoding = 4; lastKnownFileType = sourcecode.c.objc; path = PWCUtilities.m; sourceTree = "<group>"; };
		132CC52B18DBB0F500FFD22D /* Prefix.pch */ = {isa = PBXFileReference; fileEncoding = 4; lastKnownFileType = sourcecode.c.h; name = Prefix.pch; path = Source/Prefix.pch; sourceTree = "<group>"; };
		132CC52C18DBB0F500FFD22D /* PWCNotes.h */ = {isa = PBXFileReference; fileEncoding = 4; lastKnownFileType = sourcecode.c.h; path = PWCNotes.h; sourceTree = "<group>"; };
		132CC52D18DBB0F500FFD22D /* PWCNotes.m */ = {isa = PBXFileReference; fileEncoding = 4; lastKnownFileType = sourcecode.c.objc; path = PWCNotes.m; sourceTree = "<group>"; };
		132CC53A18DBBD7000FFD22D /* DDData.h */ = {isa = PBXFileReference; fileEncoding = 4; lastKnownFileType = sourcecode.c.h; path = DDData.h; sourceTree = "<group>"; };
		132CC53B18DBBD7000FFD22D /* DDData.m */ = {isa = PBXFileReference; fileEncoding = 4; lastKnownFileType = sourcecode.c.objc; path = DDData.m; sourceTree = "<group>"; };
		132CC53C18DBBD7000FFD22D /* DDNumber.h */ = {isa = PBXFileReference; fileEncoding = 4; lastKnownFileType = sourcecode.c.h; path = DDNumber.h; sourceTree = "<group>"; };
		132CC53D18DBBD7000FFD22D /* DDNumber.m */ = {isa = PBXFileReference; fileEncoding = 4; lastKnownFileType = sourcecode.c.objc; path = DDNumber.m; sourceTree = "<group>"; };
		132CC53E18DBBD7000FFD22D /* DDRange.h */ = {isa = PBXFileReference; fileEncoding = 4; lastKnownFileType = sourcecode.c.h; path = DDRange.h; sourceTree = "<group>"; };
		132CC53F18DBBD7000FFD22D /* DDRange.m */ = {isa = PBXFileReference; fileEncoding = 4; lastKnownFileType = sourcecode.c.objc; path = DDRange.m; sourceTree = "<group>"; };
		132CC54018DBBD7000FFD22D /* HTTPAuthenticationRequest.h */ = {isa = PBXFileReference; fileEncoding = 4; lastKnownFileType = sourcecode.c.h; path = HTTPAuthenticationRequest.h; sourceTree = "<group>"; };
		132CC54118DBBD7000FFD22D /* HTTPAuthenticationRequest.m */ = {isa = PBXFileReference; fileEncoding = 4; lastKnownFileType = sourcecode.c.objc; path = HTTPAuthenticationRequest.m; sourceTree = "<group>"; };
		132CC54218DBBD7000FFD22D /* HTTPConnection.h */ = {isa = PBXFileReference; fileEncoding = 4; lastKnownFileType = sourcecode.c.h; path = HTTPConnection.h; sourceTree = "<group>"; };
		132CC54318DBBD7000FFD22D /* HTTPConnection.m */ = {isa = PBXFileReference; fileEncoding = 4; lastKnownFileType = sourcecode.c.objc; path = HTTPConnection.m; sourceTree = "<group>"; };
		132CC54418DBBD7000FFD22D /* HTTPLogging.h */ = {isa = PBXFileReference; fileEncoding = 4; lastKnownFileType = sourcecode.c.h; path = HTTPLogging.h; sourceTree = "<group>"; };
		132CC54518DBBD7000FFD22D /* HTTPMessage.h */ = {isa = PBXFileReference; fileEncoding = 4; lastKnownFileType = sourcecode.c.h; path = HTTPMessage.h; sourceTree = "<group>"; };
		132CC54618DBBD7000FFD22D /* HTTPMessage.m */ = {isa = PBXFileReference; fileEncoding = 4; lastKnownFileType = sourcecode.c.objc; path = HTTPMessage.m; sourceTree = "<group>"; };
		132CC54718DBBD7000FFD22D /* HTTPResponse.h */ = {isa = PBXFileReference; fileEncoding = 4; lastKnownFileType = sourcecode.c.h; path = HTTPResponse.h; sourceTree = "<group>"; };
		132CC54818DBBD7000FFD22D /* HTTPServer.h */ = {isa = PBXFileReference; fileEncoding = 4; lastKnownFileType = sourcecode.c.h; path = HTTPServer.h; sourceTree = "<group>"; };
		132CC54918DBBD7000FFD22D /* HTTPServer.m */ = {isa = PBXFileReference; fileEncoding = 4; lastKnownFileType = sourcecode.c.objc; path = HTTPServer.m; sourceTree = "<group>"; };
		132CC54B18DBBD7000FFD22D /* MultipartFormDataParser.h */ = {isa = PBXFileReference; fileEncoding = 4; lastKnownFileType = sourcecode.c.h; path = MultipartFormDataParser.h; sourceTree = "<group>"; };
		132CC54C18DBBD7000FFD22D /* MultipartFormDataParser.m */ = {isa = PBXFileReference; fileEncoding = 4; lastKnownFileType = sourcecode.c.objc; path = MultipartFormDataParser.m; sourceTree = "<group>"; };
		132CC54D18DBBD7000FFD22D /* MultipartMessageHeader.h */ = {isa = PBXFileReference; fileEncoding = 4; lastKnownFileType = sourcecode.c.h; path = MultipartMessageHeader.h; sourceTree = "<group>"; };
		132CC54E18DBBD7000FFD22D /* MultipartMessageHeader.m */ = {isa = PBXFileReference; fileEncoding = 4; lastKnownFileType = sourcecode.c.objc; path = MultipartMessageHeader.m; sourceTree = "<group>"; };
		132CC54F18DBBD7000FFD22D /* MultipartMessageHeaderField.h */ = {isa = PBXFileReference; fileEncoding = 4; lastKnownFileType = sourcecode.c.h; path = MultipartMessageHeaderField.h; sourceTree = "<group>"; };
		132CC55018DBBD7000FFD22D /* MultipartMessageHeaderField.m */ = {isa = PBXFileReference; fileEncoding = 4; lastKnownFileType = sourcecode.c.objc; path = MultipartMessageHeaderField.m; sourceTree = "<group>"; };
		132CC55218DBBD7000FFD22D /* HTTPAsyncFileResponse.h */ = {isa = PBXFileReference; fileEncoding = 4; lastKnownFileType = sourcecode.c.h; path = HTTPAsyncFileResponse.h; sourceTree = "<group>"; };
		132CC55318DBBD7000FFD22D /* HTTPAsyncFileResponse.m */ = {isa = PBXFileReference; fileEncoding = 4; lastKnownFileType = sourcecode.c.objc; path = HTTPAsyncFileResponse.m; sourceTree = "<group>"; };
		132CC55418DBBD7000FFD22D /* HTTPDataResponse.h */ = {isa = PBXFileReference; fileEncoding = 4; lastKnownFileType = sourcecode.c.h; path = HTTPDataResponse.h; sourceTree = "<group>"; };
		132CC55518DBBD7000FFD22D /* HTTPDataResponse.m */ = {isa = PBXFileReference; fileEncoding = 4; lastKnownFileType = sourcecode.c.objc; path = HTTPDataResponse.m; sourceTree = "<group>"; };
		132CC55618DBBD7000FFD22D /* HTTPDynamicFileResponse.h */ = {isa = PBXFileReference; fileEncoding = 4; lastKnownFileType = sourcecode.c.h; path = HTTPDynamicFileResponse.h; sourceTree = "<group>"; };
		132CC55718DBBD7000FFD22D /* HTTPDynamicFileResponse.m */ = {isa = PBXFileReference; fileEncoding = 4; lastKnownFileType = sourcecode.c.objc; path = HTTPDynamicFileResponse.m; sourceTree = "<group>"; };
		132CC55818DBBD7000FFD22D /* HTTPErrorResponse.h */ = {isa = PBXFileReference; fileEncoding = 4; lastKnownFileType = sourcecode.c.h; path = HTTPErrorResponse.h; sourceTree = "<group>"; };
		132CC55918DBBD7100FFD22D /* HTTPErrorResponse.m */ = {isa = PBXFileReference; fileEncoding = 4; lastKnownFileType = sourcecode.c.objc; path = HTTPErrorResponse.m; sourceTree = "<group>"; };
		132CC55A18DBBD7100FFD22D /* HTTPFileResponse.h */ = {isa = PBXFileReference; fileEncoding = 4; lastKnownFileType = sourcecode.c.h; path = HTTPFileResponse.h; sourceTree = "<group>"; };
		132CC55B18DBBD7100FFD22D /* HTTPFileResponse.m */ = {isa = PBXFileReference; fileEncoding = 4; lastKnownFileType = sourcecode.c.objc; path = HTTPFileResponse.m; sourceTree = "<group>"; };
		132CC55C18DBBD7100FFD22D /* HTTPRedirectResponse.h */ = {isa = PBXFileReference; fileEncoding = 4; lastKnownFileType = sourcecode.c.h; path = HTTPRedirectResponse.h; sourceTree = "<group>"; };
		132CC55D18DBBD7100FFD22D /* HTTPRedirectResponse.m */ = {isa = PBXFileReference; fileEncoding = 4; lastKnownFileType = sourcecode.c.objc; path = HTTPRedirectResponse.m; sourceTree = "<group>"; };
		132CC55E18DBBD7100FFD22D /* WebSocket.h */ = {isa = PBXFileReference; fileEncoding = 4; lastKnownFileType = sourcecode.c.h; path = WebSocket.h; sourceTree = "<group>"; };
		132CC55F18DBBD7100FFD22D /* WebSocket.m */ = {isa = PBXFileReference; fileEncoding = 4; lastKnownFileType = sourcecode.c.objc; path = WebSocket.m; sourceTree = "<group>"; };
		132CC56218DBBD7100FFD22D /* DAVConnection.h */ = {isa = PBXFileReference; fileEncoding = 4; lastKnownFileType = sourcecode.c.h; path = DAVConnection.h; sourceTree = "<group>"; };
		132CC56318DBBD7100FFD22D /* DAVConnection.m */ = {isa = PBXFileReference; fileEncoding = 4; lastKnownFileType = sourcecode.c.objc; path = DAVConnection.m; sourceTree = "<group>"; };
		132CC56418DBBD7100FFD22D /* DAVResponse.h */ = {isa = PBXFileReference; fileEncoding = 4; lastKnownFileType = sourcecode.c.h; path = DAVResponse.h; sourceTree = "<group>"; };
		132CC56518DBBD7100FFD22D /* DAVResponse.m */ = {isa = PBXFileReference; fileEncoding = 4; lastKnownFileType = sourcecode.c.objc; path = DAVResponse.m; sourceTree = "<group>"; };
		132CC56618DBBD7100FFD22D /* DELETEResponse.h */ = {isa = PBXFileReference; fileEncoding = 4; lastKnownFileType = sourcecode.c.h; path = DELETEResponse.h; sourceTree = "<group>"; };
		132CC56718DBBD7100FFD22D /* DELETEResponse.m */ = {isa = PBXFileReference; fileEncoding = 4; lastKnownFileType = sourcecode.c.objc; path = DELETEResponse.m; sourceTree = "<group>"; };
		132CC56818DBBD7100FFD22D /* PUTResponse.h */ = {isa = PBXFileReference; fileEncoding = 4; lastKnownFileType = sourcecode.c.h; path = PUTResponse.h; sourceTree = "<group>"; };
		132CC56918DBBD7100FFD22D /* PUTResponse.m */ = {isa = PBXFileReference; fileEncoding = 4; lastKnownFileType = sourcecode.c.objc; path = PUTResponse.m; sourceTree = "<group>"; };
		132CC56C18DBBD7100FFD22D /* About.txt */ = {isa = PBXFileReference; fileEncoding = 4; lastKnownFileType = text; path = About.txt; sourceTree = "<group>"; };
		132CC56D18DBBD7100FFD22D /* GCDAsyncSocket.h */ = {isa = PBXFileReference; fileEncoding = 4; lastKnownFileType = sourcecode.c.h; path = GCDAsyncSocket.h; sourceTree = "<group>"; };
		132CC56E18DBBD7100FFD22D /* GCDAsyncSocket.m */ = {isa = PBXFileReference; fileEncoding = 4; lastKnownFileType = sourcecode.c.objc; path = GCDAsyncSocket.m; sourceTree = "<group>"; };
		132CC57018DBBD7100FFD22D /* About.txt */ = {isa = PBXFileReference; fileEncoding = 4; lastKnownFileType = text; path = About.txt; sourceTree = "<group>"; };
		132CC57118DBBD7100FFD22D /* DDAbstractDatabaseLogger.h */ = {isa = PBXFileReference; fileEncoding = 4; lastKnownFileType = sourcecode.c.h; path = DDAbstractDatabaseLogger.h; sourceTree = "<group>"; };
		132CC57218DBBD7100FFD22D /* DDAbstractDatabaseLogger.m */ = {isa = PBXFileReference; fileEncoding = 4; lastKnownFileType = sourcecode.c.objc; path = DDAbstractDatabaseLogger.m; sourceTree = "<group>"; };
		132CC57318DBBD7100FFD22D /* DDASLLogger.h */ = {isa = PBXFileReference; fileEncoding = 4; lastKnownFileType = sourcecode.c.h; path = DDASLLogger.h; sourceTree = "<group>"; };
		132CC57418DBBD7100FFD22D /* DDASLLogger.m */ = {isa = PBXFileReference; fileEncoding = 4; lastKnownFileType = sourcecode.c.objc; path = DDASLLogger.m; sourceTree = "<group>"; };
		132CC57518DBBD7100FFD22D /* DDFileLogger.h */ = {isa = PBXFileReference; fileEncoding = 4; lastKnownFileType = sourcecode.c.h; path = DDFileLogger.h; sourceTree = "<group>"; };
		132CC57618DBBD7100FFD22D /* DDFileLogger.m */ = {isa = PBXFileReference; fileEncoding = 4; lastKnownFileType = sourcecode.c.objc; path = DDFileLogger.m; sourceTree = "<group>"; };
		132CC57718DBBD7100FFD22D /* DDLog.h */ = {isa = PBXFileReference; fileEncoding = 4; lastKnownFileType = sourcecode.c.h; path = DDLog.h; sourceTree = "<group>"; };
		132CC57818DBBD7100FFD22D /* DDLog.m */ = {isa = PBXFileReference; fileEncoding = 4; lastKnownFileType = sourcecode.c.objc; path = DDLog.m; sourceTree = "<group>"; };
		132CC57918DBBD7100FFD22D /* DDTTYLogger.h */ = {isa = PBXFileReference; fileEncoding = 4; lastKnownFileType = sourcecode.c.h; path = DDTTYLogger.h; sourceTree = "<group>"; };
		132CC57A18DBBD7100FFD22D /* DDTTYLogger.m */ = {isa = PBXFileReference; fileEncoding = 4; lastKnownFileType = sourcecode.c.objc; path = DDTTYLogger.m; sourceTree = "<group>"; };
		132CC57C18DBBD7100FFD22D /* ContextFilterLogFormatter.h */ = {isa = PBXFileReference; fileEncoding = 4; lastKnownFileType = sourcecode.c.h; path = ContextFilterLogFormatter.h; sourceTree = "<group>"; };
		132CC57D18DBBD7100FFD22D /* ContextFilterLogFormatter.m */ = {isa = PBXFileReference; fileEncoding = 4; lastKnownFileType = sourcecode.c.objc; path = ContextFilterLogFormatter.m; sourceTree = "<group>"; };
		132CC57E18DBBD7100FFD22D /* DispatchQueueLogFormatter.h */ = {isa = PBXFileReference; fileEncoding = 4; lastKnownFileType = sourcecode.c.h; path = DispatchQueueLogFormatter.h; sourceTree = "<group>"; };
		132CC57F18DBBD7100FFD22D /* DispatchQueueLogFormatter.m */ = {isa = PBXFileReference; fileEncoding = 4; lastKnownFileType = sourcecode.c.objc; path = DispatchQueueLogFormatter.m; sourceTree = "<group>"; };
		132CC58018DBBD7100FFD22D /* README.txt */ = {isa = PBXFileReference; fileEncoding = 4; lastKnownFileType = text; path = README.txt; sourceTree = "<group>"; };
		132CC5A118DBC2D800FFD22D /* libxml2.dylib */ = {isa = PBXFileReference; lastKnownFileType = "compiled.mach-o.dylib"; name = libxml2.dylib; path = usr/lib/libxml2.dylib; sourceTree = SDKROOT; };
		1339F18118EA289700A14F1C /* PWCChromecastDeviceController.h */ = {isa = PBXFileReference; fileEncoding = 4; lastKnownFileType = sourcecode.c.h; path = PWCChromecastDeviceController.h; sourceTree = "<group>"; };
		1339F18218EA289700A14F1C /* PWCChromecastDeviceController.m */ = {isa = PBXFileReference; fileEncoding = 4; lastKnownFileType = sourcecode.c.objc; path = PWCChromecastDeviceController.m; sourceTree = "<group>"; };
		135CA21D18E9CFC2000ACB6B /* GoogleCast.framework */ = {isa = PBXFileReference; lastKnownFileType = wrapper.framework; name = GoogleCast.framework; path = "GoogleCastFramework-2.0-Release/GoogleCast.framework"; sourceTree = "<group>"; };
		135EFFA918E8BA800077DDF3 /* Default-568h@2x.png */ = {isa = PBXFileReference; lastKnownFileType = image.png; name = "Default-568h@2x.png"; path = "Images/Default-568h@2x.png"; sourceTree = "<group>"; };
		135EFFAC18E8E90B0077DDF3 /* cast_off.png */ = {isa = PBXFileReference; lastKnownFileType = image.png; path = cast_off.png; sourceTree = "<group>"; };
		135EFFAD18E8E90B0077DDF3 /* cast_on.png */ = {isa = PBXFileReference; lastKnownFileType = image.png; path = cast_on.png; sourceTree = "<group>"; };
		135EFFAE18E8E90B0077DDF3 /* cast_on0.png */ = {isa = PBXFileReference; lastKnownFileType = image.png; path = cast_on0.png; sourceTree = "<group>"; };
		135EFFAF18E8E90B0077DDF3 /* cast_on1.png */ = {isa = PBXFileReference; lastKnownFileType = image.png; path = cast_on1.png; sourceTree = "<group>"; };
		135EFFB018E8E90B0077DDF3 /* cast_on2.png */ = {isa = PBXFileReference; lastKnownFileType = image.png; path = cast_on2.png; sourceTree = "<group>"; };
		13964DD118D7EC7F00E21E15 /* CFNetwork.framework */ = {isa = PBXFileReference; lastKnownFileType = wrapper.framework; name = CFNetwork.framework; path = System/Library/Frameworks/CFNetwork.framework; sourceTree = SDKROOT; };
		13B713AE18D7E21F00B00D20 /* Security.framework */ = {isa = PBXFileReference; lastKnownFileType = wrapper.framework; name = Security.framework; path = System/Library/Frameworks/Security.framework; sourceTree = SDKROOT; };
		13D2595018D518C700E1E6EB /* PWCPreviewViewController.h */ = {isa = PBXFileReference; fileEncoding = 4; lastKnownFileType = sourcecode.c.h; name = PWCPreviewViewController.h; path = ../../Source/Library/PWCPreviewViewController.h; sourceTree = "<group>"; };
		13D2595118D518C700E1E6EB /* PWCPreviewViewController.m */ = {isa = PBXFileReference; fileEncoding = 4; lastKnownFileType = sourcecode.c.objc; name = PWCPreviewViewController.m; path = ../../Source/Library/PWCPreviewViewController.m; sourceTree = "<group>"; };
		13FE0A9518E39A3D000AA6E0 /* PWCFileServer.h */ = {isa = PBXFileReference; fileEncoding = 4; lastKnownFileType = sourcecode.c.h; path = PWCFileServer.h; sourceTree = "<group>"; };
		13FE0A9618E39A3D000AA6E0 /* PWCFileServer.m */ = {isa = PBXFileReference; fileEncoding = 4; lastKnownFileType = sourcecode.c.objc; path = PWCFileServer.m; sourceTree = "<group>"; };
		45024C351310CEC100BB3E3D /* Slidecast.app */ = {isa = PBXFileReference; explicitFileType = wrapper.application; includeInIndex = 0; path = Slidecast.app; sourceTree = BUILT_PRODUCTS_DIR; };
		45024C391310CEC100BB3E3D /* UIKit.framework */ = {isa = PBXFileReference; lastKnownFileType = wrapper.framework; name = UIKit.framework; path = System/Library/Frameworks/UIKit.framework; sourceTree = SDKROOT; };
		45024C3B1310CEC100BB3E3D /* Foundation.framework */ = {isa = PBXFileReference; lastKnownFileType = wrapper.framework; name = Foundation.framework; path = System/Library/Frameworks/Foundation.framework; sourceTree = SDKROOT; };
		45024C3D1310CEC100BB3E3D /* CoreGraphics.framework */ = {isa = PBXFileReference; lastKnownFileType = wrapper.framework; name = CoreGraphics.framework; path = System/Library/Frameworks/CoreGraphics.framework; sourceTree = SDKROOT; };
		45024C721310CF1700BB3E3D /* QuartzCore.framework */ = {isa = PBXFileReference; lastKnownFileType = wrapper.framework; name = QuartzCore.framework; path = System/Library/Frameworks/QuartzCore.framework; sourceTree = SDKROOT; };
		4527B3BB1398C5F400F3ECC8 /* MobileCoreServices.framework */ = {isa = PBXFileReference; lastKnownFileType = wrapper.framework; name = MobileCoreServices.framework; path = System/Library/Frameworks/MobileCoreServices.framework; sourceTree = SDKROOT; };
		453902341780A1C800C3CC47 /* CPDFObjectReference.h */ = {isa = PBXFileReference; fileEncoding = 4; lastKnownFileType = sourcecode.c.h; path = CPDFObjectReference.h; sourceTree = "<group>"; };
		453902351780A1C800C3CC47 /* CPDFObjectReference.m */ = {isa = PBXFileReference; fileEncoding = 4; lastKnownFileType = sourcecode.c.objc; path = CPDFObjectReference.m; sourceTree = "<group>"; };
		453902391780B39D00C3CC47 /* CPreviewCollectionViewCell.h */ = {isa = PBXFileReference; fileEncoding = 4; lastKnownFileType = sourcecode.c.h; path = CPreviewCollectionViewCell.h; sourceTree = "<group>"; };
		4539023A1780B39D00C3CC47 /* CPreviewCollectionViewCell.m */ = {isa = PBXFileReference; fileEncoding = 4; lastKnownFileType = sourcecode.c.objc; path = CPreviewCollectionViewCell.m; sourceTree = "<group>"; };
		45454DEF1558429B004AC470 /* CContentScrollView.h */ = {isa = PBXFileReference; fileEncoding = 4; lastKnownFileType = sourcecode.c.h; path = CContentScrollView.h; sourceTree = "<group>"; };
		45454DF01558429B004AC470 /* CContentScrollView.m */ = {isa = PBXFileReference; fileEncoding = 4; lastKnownFileType = sourcecode.c.objc; path = CContentScrollView.m; sourceTree = "<group>"; };
		454BF5B31554B92600E7DE1D /* MediaPlayer.framework */ = {isa = PBXFileReference; lastKnownFileType = wrapper.framework; name = MediaPlayer.framework; path = System/Library/Frameworks/MediaPlayer.framework; sourceTree = SDKROOT; };
		4556999115507139009E52FE /* Info.plist */ = {isa = PBXFileReference; fileEncoding = 4; lastKnownFileType = text.plist.xml; name = Info.plist; path = Resources/Info.plist; sourceTree = "<group>"; };
		4556999E15507139009E52FE /* main.m */ = {isa = PBXFileReference; fileEncoding = 4; lastKnownFileType = sourcecode.c.objc; name = main.m; path = Source/main.m; sourceTree = "<group>"; };
		455699A015507139009E52FE /* PWCAppDelegate.h */ = {isa = PBXFileReference; fileEncoding = 4; lastKnownFileType = sourcecode.c.h; path = PWCAppDelegate.h; sourceTree = "<group>"; };
		455699A115507139009E52FE /* PWCAppDelegate.m */ = {isa = PBXFileReference; fileEncoding = 4; lastKnownFileType = sourcecode.c.objc; path = PWCAppDelegate.m; sourceTree = "<group>"; };
		455699B915507141009E52FE /* CLibrary.h */ = {isa = PBXFileReference; fileEncoding = 4; lastKnownFileType = sourcecode.c.h; path = CLibrary.h; sourceTree = "<group>"; };
		455699BA15507141009E52FE /* CLibrary.m */ = {isa = PBXFileReference; fileEncoding = 4; lastKnownFileType = sourcecode.c.objc; path = CLibrary.m; sourceTree = "<group>"; };
		455699BB15507141009E52FE /* CLibraryViewController.h */ = {isa = PBXFileReference; fileEncoding = 4; lastKnownFileType = sourcecode.c.h; path = CLibraryViewController.h; sourceTree = "<group>"; };
		455699BC15507141009E52FE /* CLibraryViewController.m */ = {isa = PBXFileReference; fileEncoding = 4; lastKnownFileType = sourcecode.c.objc; path = CLibraryViewController.m; sourceTree = "<group>"; };
		455699BF15507141009E52FE /* CPDFDocument.h */ = {isa = PBXFileReference; fileEncoding = 4; lastKnownFileType = sourcecode.c.h; path = CPDFDocument.h; sourceTree = "<group>"; };
		455699C015507141009E52FE /* CPDFDocument.m */ = {isa = PBXFileReference; fileEncoding = 4; lastKnownFileType = sourcecode.c.objc; path = CPDFDocument.m; sourceTree = "<group>"; };
		455699C115507141009E52FE /* CPDFDocument_Private.h */ = {isa = PBXFileReference; fileEncoding = 4; lastKnownFileType = sourcecode.c.h; path = CPDFDocument_Private.h; sourceTree = "<group>"; };
		455699C215507141009E52FE /* CPDFDocument_Private.m */ = {isa = PBXFileReference; fileEncoding = 4; lastKnownFileType = sourcecode.c.objc; path = CPDFDocument_Private.m; sourceTree = "<group>"; };
		455699C315507141009E52FE /* CPDFPage.h */ = {isa = PBXFileReference; fileEncoding = 4; lastKnownFileType = sourcecode.c.h; path = CPDFPage.h; sourceTree = "<group>"; };
		455699C415507141009E52FE /* CPDFPage.m */ = {isa = PBXFileReference; fileEncoding = 4; lastKnownFileType = sourcecode.c.objc; path = CPDFPage.m; sourceTree = "<group>"; };
		455699C615507141009E52FE /* CPDFDocumentViewController.h */ = {isa = PBXFileReference; fileEncoding = 4; lastKnownFileType = sourcecode.c.h; path = CPDFDocumentViewController.h; sourceTree = "<group>"; };
		455699C715507141009E52FE /* CPDFDocumentViewController.m */ = {isa = PBXFileReference; fileEncoding = 4; lastKnownFileType = sourcecode.c.objc; path = CPDFDocumentViewController.m; sourceTree = "<group>"; };
		455699CB15507141009E52FE /* CPDFPageView.h */ = {isa = PBXFileReference; fileEncoding = 4; lastKnownFileType = sourcecode.c.h; path = CPDFPageView.h; sourceTree = "<group>"; };
		455699CC15507141009E52FE /* CPDFPageView.m */ = {isa = PBXFileReference; fileEncoding = 4; lastKnownFileType = sourcecode.c.objc; path = CPDFPageView.m; sourceTree = "<group>"; };
		455699E315507148009E52FE /* Geometry.h */ = {isa = PBXFileReference; fileEncoding = 4; lastKnownFileType = sourcecode.c.h; path = Geometry.h; sourceTree = "<group>"; };
		455699E415507148009E52FE /* Geometry.m */ = {isa = PBXFileReference; fileEncoding = 4; lastKnownFileType = sourcecode.c.objc; path = Geometry.m; sourceTree = "<group>"; };
		455699ED155071A5009E52FE /* CPagingView.h */ = {isa = PBXFileReference; fileEncoding = 4; lastKnownFileType = sourcecode.c.h; path = CPagingView.h; sourceTree = "<group>"; };
		455699EE155071A5009E52FE /* CPagingView.m */ = {isa = PBXFileReference; fileEncoding = 4; lastKnownFileType = sourcecode.c.objc; path = CPagingView.m; sourceTree = "<group>"; };
		455699EF155071A5009E52FE /* CPersistentCache.h */ = {isa = PBXFileReference; fileEncoding = 4; lastKnownFileType = sourcecode.c.h; path = CPersistentCache.h; sourceTree = "<group>"; };
		455699F0155071A5009E52FE /* CPersistentCache.m */ = {isa = PBXFileReference; fileEncoding = 4; lastKnownFileType = sourcecode.c.objc; path = CPersistentCache.m; sourceTree = "<group>"; };
		455699F3155071A5009E52FE /* NSFileManager_BugFixExtensions.h */ = {isa = PBXFileReference; fileEncoding = 4; lastKnownFileType = sourcecode.c.h; path = NSFileManager_BugFixExtensions.h; sourceTree = "<group>"; };
		455699F4155071A5009E52FE /* NSFileManager_BugFixExtensions.m */ = {isa = PBXFileReference; fileEncoding = 4; lastKnownFileType = sourcecode.c.objc; path = NSFileManager_BugFixExtensions.m; sourceTree = "<group>"; };
		45C25DD4155335AC001BA233 /* CPDFStream.h */ = {isa = PBXFileReference; fileEncoding = 4; lastKnownFileType = sourcecode.c.h; path = CPDFStream.h; sourceTree = "<group>"; };
		45C25DD5155335AC001BA233 /* CPDFStream.m */ = {isa = PBXFileReference; fileEncoding = 4; lastKnownFileType = sourcecode.c.objc; path = CPDFStream.m; sourceTree = "<group>"; };
		45C25DD7155335BD001BA233 /* PDFUtilities.h */ = {isa = PBXFileReference; fileEncoding = 4; lastKnownFileType = sourcecode.c.h; path = PDFUtilities.h; sourceTree = "<group>"; };
		45C25DD8155335BD001BA233 /* PDFUtilities.m */ = {isa = PBXFileReference; fileEncoding = 4; lastKnownFileType = sourcecode.c.objc; path = PDFUtilities.m; sourceTree = "<group>"; };
		45D969991552F8F600338688 /* CPDFAnnotation.h */ = {isa = PBXFileReference; fileEncoding = 4; lastKnownFileType = sourcecode.c.h; path = CPDFAnnotation.h; sourceTree = "<group>"; };
		45D9699A1552F8F600338688 /* CPDFAnnotation.m */ = {isa = PBXFileReference; fileEncoding = 4; lastKnownFileType = sourcecode.c.objc; path = CPDFAnnotation.m; sourceTree = "<group>"; };
		45D9699D1553058E00338688 /* CPDFPageViewController.h */ = {isa = PBXFileReference; fileEncoding = 4; lastKnownFileType = sourcecode.c.h; path = CPDFPageViewController.h; sourceTree = "<group>"; };
		45D9699E1553058E00338688 /* CPDFPageViewController.m */ = {isa = PBXFileReference; fileEncoding = 4; lastKnownFileType = sourcecode.c.objc; path = CPDFPageViewController.m; sourceTree = "<group>"; };
		45D969CB1553177800338688 /* CPDFAnnotationView.h */ = {isa = PBXFileReference; fileEncoding = 4; lastKnownFileType = sourcecode.c.h; path = CPDFAnnotationView.h; sourceTree = "<group>"; };
		45D969CC1553177800338688 /* CPDFAnnotationView.m */ = {isa = PBXFileReference; fileEncoding = 4; lastKnownFileType = sourcecode.c.objc; path = CPDFAnnotationView.m; sourceTree = "<group>"; };
		45F9FAF81582D495004D267B /* CFadelessTiledLayer.h */ = {isa = PBXFileReference; fileEncoding = 4; lastKnownFileType = sourcecode.c.h; path = CFadelessTiledLayer.h; sourceTree = "<group>"; };
		45F9FAF91582D495004D267B /* CFadelessTiledLayer.m */ = {isa = PBXFileReference; fileEncoding = 4; lastKnownFileType = sourcecode.c.objc; path = CFadelessTiledLayer.m; sourceTree = "<group>"; };
		5F5E603E18D9431B00485259 /* PWCNotesViewController.h */ = {isa = PBXFileReference; fileEncoding = 4; lastKnownFileType = sourcecode.c.h; path = PWCNotesViewController.h; sourceTree = "<group>"; };
		5F5E603F18D9431C00485259 /* PWCNotesViewController.m */ = {isa = PBXFileReference; fileEncoding = 4; lastKnownFileType = sourcecode.c.objc; path = PWCNotesViewController.m; sourceTree = "<group>"; };
/* End PBXFileReference section */

/* Begin PBXFrameworksBuildPhase section */
		45024C321310CEC100BB3E3D /* Frameworks */ = {
			isa = PBXFrameworksBuildPhase;
			buildActionMask = 2147483647;
			files = (
				135CA21E18E9CFC2000ACB6B /* GoogleCast.framework in Frameworks */,
				132CC5A218DBC2D800FFD22D /* libxml2.dylib in Frameworks */,
				13964DD218D7EC7F00E21E15 /* CFNetwork.framework in Frameworks */,
				13B713AF18D7E21F00B00D20 /* Security.framework in Frameworks */,
				454BF5B41554B92600E7DE1D /* MediaPlayer.framework in Frameworks */,
				4527B3BC1398C5F400F3ECC8 /* MobileCoreServices.framework in Frameworks */,
				45024C731310CF1700BB3E3D /* QuartzCore.framework in Frameworks */,
				45024C3A1310CEC100BB3E3D /* UIKit.framework in Frameworks */,
				45024C3C1310CEC100BB3E3D /* Foundation.framework in Frameworks */,
				45024C3E1310CEC100BB3E3D /* CoreGraphics.framework in Frameworks */,
			);
			runOnlyForDeploymentPostprocessing = 0;
		};
/* End PBXFrameworksBuildPhase section */

/* Begin PBXGroup section */
		132109CC18E47DC10041E394 /* Supporting Files */ = {
			isa = PBXGroup;
			children = (
				4556999115507139009E52FE /* Info.plist */,
				132CC52B18DBB0F500FFD22D /* Prefix.pch */,
				4556999E15507139009E52FE /* main.m */,
			);
			name = "Supporting Files";
			sourceTree = "<group>";
		};
		132CC53018DBB10C00FFD22D /* en.lproj */ = {
			isa = PBXGroup;
			children = (
			);
			name = en.lproj;
			path = Resources/en.lproj;
			sourceTree = "<group>";
		};
		132CC53818DBBD7000FFD22D /* Core */ = {
			isa = PBXGroup;
			children = (
				132CC53918DBBD7000FFD22D /* Categories */,
				132CC54018DBBD7000FFD22D /* HTTPAuthenticationRequest.h */,
				132CC54118DBBD7000FFD22D /* HTTPAuthenticationRequest.m */,
				132CC54218DBBD7000FFD22D /* HTTPConnection.h */,
				132CC54318DBBD7000FFD22D /* HTTPConnection.m */,
				132CC54418DBBD7000FFD22D /* HTTPLogging.h */,
				132CC54518DBBD7000FFD22D /* HTTPMessage.h */,
				132CC54618DBBD7000FFD22D /* HTTPMessage.m */,
				132CC54718DBBD7000FFD22D /* HTTPResponse.h */,
				132CC54818DBBD7000FFD22D /* HTTPServer.h */,
				132CC54918DBBD7000FFD22D /* HTTPServer.m */,
				132CC54A18DBBD7000FFD22D /* Mime */,
				132CC55118DBBD7000FFD22D /* Responses */,
				132CC55E18DBBD7100FFD22D /* WebSocket.h */,
				132CC55F18DBBD7100FFD22D /* WebSocket.m */,
			);
			name = Core;
			path = "PDF UI/Core";
			sourceTree = "<group>";
		};
		132CC53918DBBD7000FFD22D /* Categories */ = {
			isa = PBXGroup;
			children = (
				132CC53A18DBBD7000FFD22D /* DDData.h */,
				132CC53B18DBBD7000FFD22D /* DDData.m */,
				132CC53C18DBBD7000FFD22D /* DDNumber.h */,
				132CC53D18DBBD7000FFD22D /* DDNumber.m */,
				132CC53E18DBBD7000FFD22D /* DDRange.h */,
				132CC53F18DBBD7000FFD22D /* DDRange.m */,
			);
			path = Categories;
			sourceTree = "<group>";
		};
		132CC54A18DBBD7000FFD22D /* Mime */ = {
			isa = PBXGroup;
			children = (
				132CC54B18DBBD7000FFD22D /* MultipartFormDataParser.h */,
				132CC54C18DBBD7000FFD22D /* MultipartFormDataParser.m */,
				132CC54D18DBBD7000FFD22D /* MultipartMessageHeader.h */,
				132CC54E18DBBD7000FFD22D /* MultipartMessageHeader.m */,
				132CC54F18DBBD7000FFD22D /* MultipartMessageHeaderField.h */,
				132CC55018DBBD7000FFD22D /* MultipartMessageHeaderField.m */,
			);
			path = Mime;
			sourceTree = "<group>";
		};
		132CC55118DBBD7000FFD22D /* Responses */ = {
			isa = PBXGroup;
			children = (
				132CC55218DBBD7000FFD22D /* HTTPAsyncFileResponse.h */,
				132CC55318DBBD7000FFD22D /* HTTPAsyncFileResponse.m */,
				132CC55418DBBD7000FFD22D /* HTTPDataResponse.h */,
				132CC55518DBBD7000FFD22D /* HTTPDataResponse.m */,
				132CC55618DBBD7000FFD22D /* HTTPDynamicFileResponse.h */,
				132CC55718DBBD7000FFD22D /* HTTPDynamicFileResponse.m */,
				132CC55818DBBD7000FFD22D /* HTTPErrorResponse.h */,
				132CC55918DBBD7100FFD22D /* HTTPErrorResponse.m */,
				132CC55A18DBBD7100FFD22D /* HTTPFileResponse.h */,
				132CC55B18DBBD7100FFD22D /* HTTPFileResponse.m */,
				132CC55C18DBBD7100FFD22D /* HTTPRedirectResponse.h */,
				132CC55D18DBBD7100FFD22D /* HTTPRedirectResponse.m */,
			);
			path = Responses;
			sourceTree = "<group>";
		};
		132CC56018DBBD7100FFD22D /* Extensions */ = {
			isa = PBXGroup;
			children = (
				132CC56118DBBD7100FFD22D /* WebDAV */,
			);
			name = Extensions;
			path = "PDF UI/Extensions";
			sourceTree = "<group>";
		};
		132CC56118DBBD7100FFD22D /* WebDAV */ = {
			isa = PBXGroup;
			children = (
				132CC56218DBBD7100FFD22D /* DAVConnection.h */,
				132CC56318DBBD7100FFD22D /* DAVConnection.m */,
				132CC56418DBBD7100FFD22D /* DAVResponse.h */,
				132CC56518DBBD7100FFD22D /* DAVResponse.m */,
				132CC56618DBBD7100FFD22D /* DELETEResponse.h */,
				132CC56718DBBD7100FFD22D /* DELETEResponse.m */,
				132CC56818DBBD7100FFD22D /* PUTResponse.h */,
				132CC56918DBBD7100FFD22D /* PUTResponse.m */,
			);
			path = WebDAV;
			sourceTree = "<group>";
		};
		132CC56A18DBBD7100FFD22D /* Vendor */ = {
			isa = PBXGroup;
			children = (
				132CC56B18DBBD7100FFD22D /* CocoaAsyncSocket */,
				132CC56F18DBBD7100FFD22D /* CocoaLumberjack */,
			);
			name = Vendor;
			path = "PDF UI/Vendor";
			sourceTree = "<group>";
		};
		132CC56B18DBBD7100FFD22D /* CocoaAsyncSocket */ = {
			isa = PBXGroup;
			children = (
				132CC56C18DBBD7100FFD22D /* About.txt */,
				132CC56D18DBBD7100FFD22D /* GCDAsyncSocket.h */,
				132CC56E18DBBD7100FFD22D /* GCDAsyncSocket.m */,
			);
			path = CocoaAsyncSocket;
			sourceTree = "<group>";
		};
		132CC56F18DBBD7100FFD22D /* CocoaLumberjack */ = {
			isa = PBXGroup;
			children = (
				132CC57018DBBD7100FFD22D /* About.txt */,
				132CC57118DBBD7100FFD22D /* DDAbstractDatabaseLogger.h */,
				132CC57218DBBD7100FFD22D /* DDAbstractDatabaseLogger.m */,
				132CC57318DBBD7100FFD22D /* DDASLLogger.h */,
				132CC57418DBBD7100FFD22D /* DDASLLogger.m */,
				132CC57518DBBD7100FFD22D /* DDFileLogger.h */,
				132CC57618DBBD7100FFD22D /* DDFileLogger.m */,
				132CC57718DBBD7100FFD22D /* DDLog.h */,
				132CC57818DBBD7100FFD22D /* DDLog.m */,
				132CC57918DBBD7100FFD22D /* DDTTYLogger.h */,
				132CC57A18DBBD7100FFD22D /* DDTTYLogger.m */,
				132CC57B18DBBD7100FFD22D /* Extensions */,
			);
			path = CocoaLumberjack;
			sourceTree = "<group>";
		};
		132CC57B18DBBD7100FFD22D /* Extensions */ = {
			isa = PBXGroup;
			children = (
				132CC57C18DBBD7100FFD22D /* ContextFilterLogFormatter.h */,
				132CC57D18DBBD7100FFD22D /* ContextFilterLogFormatter.m */,
				132CC57E18DBBD7100FFD22D /* DispatchQueueLogFormatter.h */,
				132CC57F18DBBD7100FFD22D /* DispatchQueueLogFormatter.m */,
				132CC58018DBBD7100FFD22D /* README.txt */,
			);
			path = Extensions;
			sourceTree = "<group>";
		};
		135EFC5918E8B8540077DDF3 /* Images */ = {
			isa = PBXGroup;
			children = (
				135EFFAB18E8E90B0077DDF3 /* 1x */,
				135EFFA918E8BA800077DDF3 /* Default-568h@2x.png */,
			);
			name = Images;
			sourceTree = "<group>";
		};
		135EFFAB18E8E90B0077DDF3 /* 1x */ = {
			isa = PBXGroup;
			children = (
				135EFFAC18E8E90B0077DDF3 /* cast_off.png */,
				135EFFAD18E8E90B0077DDF3 /* cast_on.png */,
				135EFFAE18E8E90B0077DDF3 /* cast_on0.png */,
				135EFFAF18E8E90B0077DDF3 /* cast_on1.png */,
				135EFFB018E8E90B0077DDF3 /* cast_on2.png */,
			);
			name = 1x;
			path = Images/Cast_Icons/ios/exported/blue_blue/cast_icon/1x;
			sourceTree = "<group>";
		};
		45024C2A1310CEC100BB3E3D = {
			isa = PBXGroup;
			children = (
				4556998815507139009E52FE /* Slidecast */,
				455699B715507141009E52FE /* Source */,
				455699E115507148009E52FE /* Externals */,
				45024C381310CEC100BB3E3D /* Frameworks */,
				45024C361310CEC100BB3E3D /* Products */,
			);
			sourceTree = "<group>";
		};
		45024C361310CEC100BB3E3D /* Products */ = {
			isa = PBXGroup;
			children = (
				45024C351310CEC100BB3E3D /* Slidecast.app */,
			);
			name = Products;
			sourceTree = "<group>";
		};
		45024C381310CEC100BB3E3D /* Frameworks */ = {
			isa = PBXGroup;
			children = (
				135CA21D18E9CFC2000ACB6B /* GoogleCast.framework */,
				132CC5A118DBC2D800FFD22D /* libxml2.dylib */,
				13964DD118D7EC7F00E21E15 /* CFNetwork.framework */,
				13B713AE18D7E21F00B00D20 /* Security.framework */,
				454BF5B31554B92600E7DE1D /* MediaPlayer.framework */,
				4527B3BB1398C5F400F3ECC8 /* MobileCoreServices.framework */,
				45024C721310CF1700BB3E3D /* QuartzCore.framework */,
				45024C391310CEC100BB3E3D /* UIKit.framework */,
				45024C3B1310CEC100BB3E3D /* Foundation.framework */,
				45024C3D1310CEC100BB3E3D /* CoreGraphics.framework */,
			);
			name = Frameworks;
			sourceTree = "<group>";
		};
		4556998815507139009E52FE /* Slidecast */ = {
			isa = PBXGroup;
			children = (
				135EFC5918E8B8540077DDF3 /* Images */,
				132109CC18E47DC10041E394 /* Supporting Files */,
				132CC53018DBB10C00FFD22D /* en.lproj */,
				4556999515507139009E52FE /* Source */,
			);
			name = Slidecast;
			sourceTree = "<group>";
		};
		4556999515507139009E52FE /* Source */ = {
			isa = PBXGroup;
			children = (
				130D9FB018D4D6E7000B07A6 /* Main.storyboard */,
				1309E5CE18EB1ABF007952F9 /* PWCDeviceTableViewController.h */,
				1309E5CF18EB1ABF007952F9 /* PWCDeviceTableViewController.m */,
				13D2595018D518C700E1E6EB /* PWCPreviewViewController.h */,
				13D2595118D518C700E1E6EB /* PWCPreviewViewController.m */,
				132CC52C18DBB0F500FFD22D /* PWCNotes.h */,
				132CC52D18DBB0F500FFD22D /* PWCNotes.m */,
				5F5E603E18D9431B00485259 /* PWCNotesViewController.h */,
				5F5E603F18D9431C00485259 /* PWCNotesViewController.m */,
				455699A015507139009E52FE /* PWCAppDelegate.h */,
				455699A115507139009E52FE /* PWCAppDelegate.m */,
				13FE0A9518E39A3D000AA6E0 /* PWCFileServer.h */,
				13FE0A9618E39A3D000AA6E0 /* PWCFileServer.m */,
				132109CD18E490DD0041E394 /* PWCUtilities.h */,
				132109CE18E490DD0041E394 /* PWCUtilities.m */,
				1339F18118EA289700A14F1C /* PWCChromecastDeviceController.h */,
				1339F18218EA289700A14F1C /* PWCChromecastDeviceController.m */,
			);
			path = Source;
			sourceTree = "<group>";
		};
		455699B715507141009E52FE /* Source */ = {
			isa = PBXGroup;
			children = (
				132CC53818DBBD7000FFD22D /* Core */,
				132CC56018DBBD7100FFD22D /* Extensions */,
				132CC56A18DBBD7100FFD22D /* Vendor */,
				455699B815507141009E52FE /* Library */,
				455699BE15507141009E52FE /* PDF Model */,
				455699C515507141009E52FE /* PDF UI */,
				455699E6155071A5009E52FE /* Support */,
			);
			name = Source;
			path = ../Source;
			sourceTree = "<group>";
		};
		455699B815507141009E52FE /* Library */ = {
			isa = PBXGroup;
			children = (
				455699B915507141009E52FE /* CLibrary.h */,
				455699BA15507141009E52FE /* CLibrary.m */,
				455699BB15507141009E52FE /* CLibraryViewController.h */,
				455699BC15507141009E52FE /* CLibraryViewController.m */,
			);
			path = Library;
			sourceTree = "<group>";
		};
		455699BE15507141009E52FE /* PDF Model */ = {
			isa = PBXGroup;
			children = (
				455699BF15507141009E52FE /* CPDFDocument.h */,
				455699C015507141009E52FE /* CPDFDocument.m */,
				455699C115507141009E52FE /* CPDFDocument_Private.h */,
				455699C215507141009E52FE /* CPDFDocument_Private.m */,
				455699C315507141009E52FE /* CPDFPage.h */,
				455699C415507141009E52FE /* CPDFPage.m */,
				45D969991552F8F600338688 /* CPDFAnnotation.h */,
				45D9699A1552F8F600338688 /* CPDFAnnotation.m */,
				45C25DD4155335AC001BA233 /* CPDFStream.h */,
				45C25DD5155335AC001BA233 /* CPDFStream.m */,
				45C25DD7155335BD001BA233 /* PDFUtilities.h */,
				45C25DD8155335BD001BA233 /* PDFUtilities.m */,
				453902341780A1C800C3CC47 /* CPDFObjectReference.h */,
				453902351780A1C800C3CC47 /* CPDFObjectReference.m */,
			);
			path = "PDF Model";
			sourceTree = "<group>";
		};
		455699C515507141009E52FE /* PDF UI */ = {
			isa = PBXGroup;
			children = (
				455699C615507141009E52FE /* CPDFDocumentViewController.h */,
				455699C715507141009E52FE /* CPDFDocumentViewController.m */,
				453902391780B39D00C3CC47 /* CPreviewCollectionViewCell.h */,
				4539023A1780B39D00C3CC47 /* CPreviewCollectionViewCell.m */,
				45D9699D1553058E00338688 /* CPDFPageViewController.h */,
				45D9699E1553058E00338688 /* CPDFPageViewController.m */,
				455699CB15507141009E52FE /* CPDFPageView.h */,
				455699CC15507141009E52FE /* CPDFPageView.m */,
				45D969CB1553177800338688 /* CPDFAnnotationView.h */,
				45D969CC1553177800338688 /* CPDFAnnotationView.m */,
			);
			path = "PDF UI";
			sourceTree = "<group>";
		};
		455699E115507148009E52FE /* Externals */ = {
			isa = PBXGroup;
			children = (
				455699E215507148009E52FE /* TouchUI */,
			);
			name = Externals;
			path = ../Externals;
			sourceTree = "<group>";
		};
		455699E215507148009E52FE /* TouchUI */ = {
			isa = PBXGroup;
			children = (
				455699E315507148009E52FE /* Geometry.h */,
				455699E415507148009E52FE /* Geometry.m */,
			);
			path = TouchUI;
			sourceTree = "<group>";
		};
		455699E6155071A5009E52FE /* Support */ = {
			isa = PBXGroup;
			children = (
				455699ED155071A5009E52FE /* CPagingView.h */,
				455699EE155071A5009E52FE /* CPagingView.m */,
				455699EF155071A5009E52FE /* CPersistentCache.h */,
				455699F0155071A5009E52FE /* CPersistentCache.m */,
				455699F3155071A5009E52FE /* NSFileManager_BugFixExtensions.h */,
				455699F4155071A5009E52FE /* NSFileManager_BugFixExtensions.m */,
				45454DEF1558429B004AC470 /* CContentScrollView.h */,
				45454DF01558429B004AC470 /* CContentScrollView.m */,
				45F9FAF81582D495004D267B /* CFadelessTiledLayer.h */,
				45F9FAF91582D495004D267B /* CFadelessTiledLayer.m */,
			);
			path = Support;
			sourceTree = "<group>";
		};
/* End PBXGroup section */

/* Begin PBXNativeTarget section */
		45024C341310CEC100BB3E3D /* Slidecast */ = {
			isa = PBXNativeTarget;
			buildConfigurationList = 45024C6C1310CEC100BB3E3D /* Build configuration list for PBXNativeTarget "Slidecast" */;
			buildPhases = (
				45024C311310CEC100BB3E3D /* Sources */,
				45024C321310CEC100BB3E3D /* Frameworks */,
				45024C331310CEC100BB3E3D /* Resources */,
			);
			buildRules = (
			);
			dependencies = (
			);
			name = Slidecast;
			productName = PDFReader;
			productReference = 45024C351310CEC100BB3E3D /* Slidecast.app */;
			productType = "com.apple.product-type.application";
		};
/* End PBXNativeTarget section */

/* Begin PBXProject section */
		45024C2C1310CEC100BB3E3D /* Project object */ = {
			isa = PBXProject;
			attributes = {
				CLASSPREFIX = PWC;
				LastUpgradeCheck = 0500;
				ORGANIZATIONNAME = "Purple Works";
				TargetAttributes = {
					45024C341310CEC100BB3E3D = {
						DevelopmentTeam = TV47C9J6ME;
					};
				};
			};
			buildConfigurationList = 45024C2F1310CEC100BB3E3D /* Build configuration list for PBXProject "Slidecast" */;
			compatibilityVersion = "Xcode 3.2";
			developmentRegion = English;
			hasScannedForEncodings = 0;
			knownRegions = (
				en,
			);
			mainGroup = 45024C2A1310CEC100BB3E3D;
			productRefGroup = 45024C361310CEC100BB3E3D /* Products */;
			projectDirPath = "";
			projectRoot = "";
			targets = (
				45024C341310CEC100BB3E3D /* Slidecast */,
			);
		};
/* End PBXProject section */

/* Begin PBXResourcesBuildPhase section */
		45024C331310CEC100BB3E3D /* Resources */ = {
			isa = PBXResourcesBuildPhase;
			buildActionMask = 2147483647;
			files = (
				135EFFB218E8E90B0077DDF3 /* cast_off.png in Resources */,
				135EFFAA18E8BA800077DDF3 /* Default-568h@2x.png in Resources */,
				132CC59618DBBD7100FFD22D /* About.txt in Resources */,
				130D9FB118D4D6E7000B07A6 /* Main.storyboard in Resources */,
				135EFFB418E8E90B0077DDF3 /* cast_on0.png in Resources */,
				135EFFB618E8E90B0077DDF3 /* cast_on2.png in Resources */,
				132CC5A018DBBD7100FFD22D /* README.txt in Resources */,
				135EFFB318E8E90B0077DDF3 /* cast_on.png in Resources */,
				135EFFB518E8E90B0077DDF3 /* cast_on1.png in Resources */,
			);
			runOnlyForDeploymentPostprocessing = 0;
		};
/* End PBXResourcesBuildPhase section */

/* Begin PBXSourcesBuildPhase section */
		45024C311310CEC100BB3E3D /* Sources */ = {
			isa = PBXSourcesBuildPhase;
			buildActionMask = 2147483647;
			files = (
				132CC59E18DBBD7100FFD22D /* ContextFilterLogFormatter.m in Sources */,
				132CC58D18DBBD7100FFD22D /* HTTPDynamicFileResponse.m in Sources */,
				455699B215507139009E52FE /* main.m in Sources */,
				132CC59218DBBD7100FFD22D /* DAVConnection.m in Sources */,
				455699B315507139009E52FE /* PWCAppDelegate.m in Sources */,
				132CC58218DBBD7100FFD22D /* DDNumber.m in Sources */,
				132CC58E18DBBD7100FFD22D /* HTTPErrorResponse.m in Sources */,
				132CC59C18DBBD7100FFD22D /* DDLog.m in Sources */,
				455699D415507141009E52FE /* CLibrary.m in Sources */,
				455699D515507141009E52FE /* CLibraryViewController.m in Sources */,
				132CC59518DBBD7100FFD22D /* PUTResponse.m in Sources */,
				4539023B1780B39D00C3CC47 /* CPreviewCollectionViewCell.m in Sources */,
				132CC58118DBBD7100FFD22D /* DDData.m in Sources */,
				13D2595218D518C700E1E6EB /* PWCPreviewViewController.m in Sources */,
				132CC58A18DBBD7100FFD22D /* MultipartMessageHeaderField.m in Sources */,
				455699D715507141009E52FE /* CPDFDocument.m in Sources */,
				132CC58318DBBD7100FFD22D /* DDRange.m in Sources */,
				455699D815507141009E52FE /* CPDFDocument_Private.m in Sources */,
				132CC58418DBBD7100FFD22D /* HTTPAuthenticationRequest.m in Sources */,
				455699D915507141009E52FE /* CPDFPage.m in Sources */,
				453902361780A1C800C3CC47 /* CPDFObjectReference.m in Sources */,
				132CC59B18DBBD7100FFD22D /* DDFileLogger.m in Sources */,
				132CC59118DBBD7100FFD22D /* WebSocket.m in Sources */,
				455699DA15507141009E52FE /* CPDFDocumentViewController.m in Sources */,
				455699DD15507141009E52FE /* CPDFPageView.m in Sources */,
				455699E515507148009E52FE /* Geometry.m in Sources */,
				455699F8155071A5009E52FE /* CPagingView.m in Sources */,
				132CC52E18DBB0F500FFD22D /* PWCNotes.m in Sources */,
				132CC58918DBBD7100FFD22D /* MultipartMessageHeader.m in Sources */,
				132CC59418DBBD7100FFD22D /* DELETEResponse.m in Sources */,
				1309E5D018EB1ABF007952F9 /* PWCDeviceTableViewController.m in Sources */,
				132CC58518DBBD7100FFD22D /* HTTPConnection.m in Sources */,
				132CC59318DBBD7100FFD22D /* DAVResponse.m in Sources */,
				455699F9155071A5009E52FE /* CPersistentCache.m in Sources */,
				132CC58618DBBD7100FFD22D /* HTTPMessage.m in Sources */,
				455699FB155071A5009E52FE /* NSFileManager_BugFixExtensions.m in Sources */,
				45D9699B1552F8F600338688 /* CPDFAnnotation.m in Sources */,
				132CC58F18DBBD7100FFD22D /* HTTPFileResponse.m in Sources */,
				132CC58C18DBBD7100FFD22D /* HTTPDataResponse.m in Sources */,
				132CC58818DBBD7100FFD22D /* MultipartFormDataParser.m in Sources */,
				132109CF18E490DD0041E394 /* PWCUtilities.m in Sources */,
				132CC59018DBBD7100FFD22D /* HTTPRedirectResponse.m in Sources */,
				45D969A01553058E00338688 /* CPDFPageViewController.m in Sources */,
				132CC59918DBBD7100FFD22D /* DDAbstractDatabaseLogger.m in Sources */,
				45D969CD1553177800338688 /* CPDFAnnotationView.m in Sources */,
				132CC59A18DBBD7100FFD22D /* DDASLLogger.m in Sources */,
				5F5E604018D9431C00485259 /* PWCNotesViewController.m in Sources */,
				45C25DD6155335AC001BA233 /* CPDFStream.m in Sources */,
				132CC59D18DBBD7100FFD22D /* DDTTYLogger.m in Sources */,
				1339F18318EA289700A14F1C /* PWCChromecastDeviceController.m in Sources */,
				45C25DD9155335BD001BA233 /* PDFUtilities.m in Sources */,
				45454DF11558429C004AC470 /* CContentScrollView.m in Sources */,
				132CC59F18DBBD7100FFD22D /* DispatchQueueLogFormatter.m in Sources */,
				132CC58718DBBD7100FFD22D /* HTTPServer.m in Sources */,
				45F9FAFA1582D495004D267B /* CFadelessTiledLayer.m in Sources */,
				132CC58B18DBBD7100FFD22D /* HTTPAsyncFileResponse.m in Sources */,
				132CC59718DBBD7100FFD22D /* GCDAsyncSocket.m in Sources */,
				13FE0A9718E39A3D000AA6E0 /* PWCFileServer.m in Sources */,
			);
			runOnlyForDeploymentPostprocessing = 0;
		};
/* End PBXSourcesBuildPhase section */

/* Begin XCBuildConfiguration section */
		45024C6A1310CEC100BB3E3D /* Debug */ = {
			isa = XCBuildConfiguration;
			buildSettings = {
				"CODE_SIGN_IDENTITY[sdk=iphoneos*]" = "iPhone Developer";
				GCC_C_LANGUAGE_STANDARD = gnu99;
				GCC_OPTIMIZATION_LEVEL = 0;
				GCC_PREPROCESSOR_DEFINITIONS = DEBUG;
				GCC_TREAT_WARNINGS_AS_ERRORS = NO;
				GCC_VERSION = com.apple.compilers.llvmgcc42;
				GCC_WARN_ABOUT_RETURN_TYPE = YES;
				GCC_WARN_UNUSED_VARIABLE = YES;
				IPHONEOS_DEPLOYMENT_TARGET = 5.0;
				ONLY_ACTIVE_ARCH = YES;
				RUN_CLANG_STATIC_ANALYZER = YES;
				SDKROOT = iphoneos;
				TARGETED_DEVICE_FAMILY = 2;
			};
			name = Debug;
		};
		45024C6B1310CEC100BB3E3D /* Release */ = {
			isa = XCBuildConfiguration;
			buildSettings = {
				"CODE_SIGN_IDENTITY[sdk=iphoneos*]" = "iPhone Developer";
				GCC_C_LANGUAGE_STANDARD = gnu99;
				GCC_TREAT_WARNINGS_AS_ERRORS = NO;
				GCC_VERSION = com.apple.compilers.llvmgcc42;
				GCC_WARN_ABOUT_RETURN_TYPE = YES;
				GCC_WARN_UNUSED_VARIABLE = YES;
				IPHONEOS_DEPLOYMENT_TARGET = 5.0;
				OTHER_CFLAGS = "-DNS_BLOCK_ASSERTIONS=1";
				RUN_CLANG_STATIC_ANALYZER = YES;
				SDKROOT = iphoneos;
				TARGETED_DEVICE_FAMILY = 2;
			};
			name = Release;
		};
		45024C6D1310CEC100BB3E3D /* Debug */ = {
			isa = XCBuildConfiguration;
			buildSettings = {
				ALWAYS_SEARCH_USER_PATHS = NO;
				ASSETCATALOG_COMPILER_APPICON_NAME = AppIcon;
				CLANG_ENABLE_OBJC_ARC = YES;
				CODE_SIGN_IDENTITY = "iPhone Developer";
				"CODE_SIGN_IDENTITY[sdk=iphoneos*]" = "iPhone Developer";
				COPY_PHASE_STRIP = NO;
				FRAMEWORK_SEARCH_PATHS = (
					"$(inherited)",
					"$(SRCROOT)/GoogleCastFramework-2.0-Release",
					"$(PROJECT_DIR)/GoogleCastFramework-2.0-Release",
				);
				GCC_DYNAMIC_NO_PIC = NO;
				GCC_PRECOMPILE_PREFIX_HEADER = YES;
				GCC_PREFIX_HEADER = Source/Prefix.pch;
				GCC_VERSION = com.apple.compilers.llvm.clang.1_0;
				HEADER_SEARCH_PATHS = (
					"$(inherited)",
					/Applications/Xcode.app/Contents/Developer/Toolchains/XcodeDefault.xctoolchain/usr/include,
					"${SDK_DIR}/usr/include/libxml2",
				);
				INFOPLIST_FILE = "$(SRCROOT)/Resources/Info.plist";
				INSTALL_PATH = "$(LOCAL_APPS_DIR)";
				IPHONEOS_DEPLOYMENT_TARGET = 6.1;
				OTHER_LDFLAGS = "-ObjC";
				PRODUCT_NAME = Slidecast;
				PROVISIONING_PROFILE = "";
				SDKROOT = iphoneos;
				TARGETED_DEVICE_FAMILY = "1,2";
				WRAPPER_EXTENSION = app;
			};
			name = Debug;
		};
		45024C6E1310CEC100BB3E3D /* Release */ = {
			isa = XCBuildConfiguration;
			buildSettings = {
				ALWAYS_SEARCH_USER_PATHS = NO;
				ASSETCATALOG_COMPILER_APPICON_NAME = AppIcon;
				CLANG_ENABLE_OBJC_ARC = YES;
				CODE_SIGN_IDENTITY = "iPhone Developer";
				"CODE_SIGN_IDENTITY[sdk=iphoneos*]" = "iPhone Developer";
				COPY_PHASE_STRIP = YES;
				FRAMEWORK_SEARCH_PATHS = (
					"$(inherited)",
					"$(SRCROOT)/GoogleCastFramework-2.0-Release",
					"$(PROJECT_DIR)/GoogleCastFramework-2.0-Release",
				);
				GCC_PRECOMPILE_PREFIX_HEADER = YES;
				GCC_PREFIX_HEADER = Source/Prefix.pch;
				GCC_VERSION = com.apple.compilers.llvm.clang.1_0;
				HEADER_SEARCH_PATHS = (
					"$(inherited)",
					/Applications/Xcode.app/Contents/Developer/Toolchains/XcodeDefault.xctoolchain/usr/include,
					"${SDK_DIR}/usr/include/libxml2",
				);
				INFOPLIST_FILE = "$(SRCROOT)/Resources/Info.plist";
				INSTALL_PATH = "$(LOCAL_APPS_DIR)";
				IPHONEOS_DEPLOYMENT_TARGET = 6.1;
				OTHER_LDFLAGS = "-ObjC";
				PRODUCT_NAME = Slidecast;
				PROVISIONING_PROFILE = "";
				SDKROOT = iphoneos;
				TARGETED_DEVICE_FAMILY = "1,2";
				VALIDATE_PRODUCT = YES;
				WRAPPER_EXTENSION = app;
			};
			name = Release;
		};
/* End XCBuildConfiguration section */

/* Begin XCConfigurationList section */
		45024C2F1310CEC100BB3E3D /* Build configuration list for PBXProject "Slidecast" */ = {
			isa = XCConfigurationList;
			buildConfigurations = (
				45024C6A1310CEC100BB3E3D /* Debug */,
				45024C6B1310CEC100BB3E3D /* Release */,
			);
			defaultConfigurationIsVisible = 0;
			defaultConfigurationName = Release;
		};
		45024C6C1310CEC100BB3E3D /* Build configuration list for PBXNativeTarget "Slidecast" */ = {
			isa = XCConfigurationList;
			buildConfigurations = (
				45024C6D1310CEC100BB3E3D /* Debug */,
				45024C6E1310CEC100BB3E3D /* Release */,
			);
			defaultConfigurationIsVisible = 0;
			defaultConfigurationName = Release;
		};
/* End XCConfigurationList section */
	};
	rootObject = 45024C2C1310CEC100BB3E3D /* Project object */;
}
